
Microsoft Visual Studio Solution File, Format Version 12.00
# Visual Studio Version 16
VisualStudioVersion = 16.0.30804.86
MinimumVisualStudioVersion = 15.0.26124.0
Project("{9A19103F-16F7-4668-BE54-9A1E7A4F7556}") = "FileExplorer", "WpfApp1\FileExplorer.csproj", "{A277DFD5-331B-48A5-B5C9-5FE143E5220D}"
EndProject
Global
	GlobalSection(SolutionConfigurationPlatforms) = preSolution
		Debug|Any CPU = Debug|Any CPU
		Debug|x64 = Debug|x64
		Debug|x86 = Debug|x86
		Release|Any CPU = Release|Any CPU
		Release|x64 = Release|x64
		Release|x86 = Release|x86
	EndGlobalSection
	GlobalSection(ProjectConfigurationPlatforms) = postSolution
		{A277DFD5-331B-48A5-B5C9-5FE143E5220D}.Debug|Any CPU.ActiveCfg = Debug|Any CPU
		{A277DFD5-331B-48A5-B5C9-5FE143E5220D}.Debug|Any CPU.Build.0 = Debug|Any CPU
		{A277DFD5-331B-48A5-B5C9-5FE143E5220D}.Debug|x64.ActiveCfg = Debug|Any CPU
		{A277DFD5-331B-48A5-B5C9-5FE143E5220D}.Debug|x64.Build.0 = Debug|Any CPU
		{A277DFD5-331B-48A5-B5C9-5FE143E5220D}.Debug|x86.ActiveCfg = Debug|Any CPU
		{A277DFD5-331B-48A5-B5C9-5FE143E5220D}.Debug|x86.Build.0 = Debug|Any CPU
		{A277DFD5-331B-48A5-B5C9-5FE143E5220D}.Release|Any CPU.ActiveCfg = Release|Any CPU
		{A277DFD5-331B-48A5-B5C9-5FE143E5220D}.Release|Any CPU.Build.0 = Release|Any CPU
		{A277DFD5-331B-48A5-B5C9-5FE143E5220D}.Release|x64.ActiveCfg = Release|Any CPU
		{A277DFD5-331B-48A5-B5C9-5FE143E5220D}.Release|x64.Build.0 = Release|Any CPU
		{A277DFD5-331B-48A5-B5C9-5FE143E5220D}.Release|x86.ActiveCfg = Release|Any CPU
		{A277DFD5-331B-48A5-B5C9-5FE143E5220D}.Release|x86.Build.0 = Release|Any CPU
	EndGlobalSection
	GlobalSection(SolutionProperties) = preSolution
		HideSolutionNode = FALSE
	EndGlobalSection
	GlobalSection(ExtensibilityGlobals) = postSolution
		SolutionGuid = {6D8D0D53-1F50-424D-89FF-DC6715FD0BA7}
	EndGlobalSection
EndGlobal
