
Microsoft Visual Studio Solution File, Format Version 12.00
# Visual Studio Version 16
VisualStudioVersion = 16.0.30804.86
MinimumVisualStudioVersion = 10.0.40219.1
Project("{9A19103F-16F7-4668-BE54-9A1E7A4F7556}") = "Matematica.Test", "Matematica.Test\Matematica.Test.csproj", "{5B341D1E-1AA0-4EAF-81F4-C9CE5051C1D5}"
EndProject
Project("{9A19103F-16F7-4668-BE54-9A1E7A4F7556}") = "Matematica.Negocio", "Matematica.Negocio\Matematica.Negocio.csproj", "{E6F08408-15A5-4BA6-A193-1C19EBB8B5A4}"
EndProject
Project("{9A19103F-16F7-4668-BE54-9A1E7A4F7556}") = "Matematica.Cli", "Matematica.Cli\Matematica.Cli.csproj", "{D75B2EB3-411A-478D-B10E-118B6CE50E31}"
EndProject
Global
	GlobalSection(SolutionConfigurationPlatforms) = preSolution
		Debug|Any CPU = Debug|Any CPU
		Release|Any CPU = Release|Any CPU
	EndGlobalSection
	GlobalSection(ProjectConfigurationPlatforms) = postSolution
		{5B341D1E-1AA0-4EAF-81F4-C9CE5051C1D5}.Debug|Any CPU.ActiveCfg = Debug|Any CPU
		{5B341D1E-1AA0-4EAF-81F4-C9CE5051C1D5}.Debug|Any CPU.Build.0 = Debug|Any CPU
		{5B341D1E-1AA0-4EAF-81F4-C9CE5051C1D5}.Release|Any CPU.ActiveCfg = Release|Any CPU
		{5B341D1E-1AA0-4EAF-81F4-C9CE5051C1D5}.Release|Any CPU.Build.0 = Release|Any CPU
		{E6F08408-15A5-4BA6-A193-1C19EBB8B5A4}.Debug|Any CPU.ActiveCfg = Debug|Any CPU
		{E6F08408-15A5-4BA6-A193-1C19EBB8B5A4}.Debug|Any CPU.Build.0 = Debug|Any CPU
		{E6F08408-15A5-4BA6-A193-1C19EBB8B5A4}.Release|Any CPU.ActiveCfg = Release|Any CPU
		{E6F08408-15A5-4BA6-A193-1C19EBB8B5A4}.Release|Any CPU.Build.0 = Release|Any CPU
		{D75B2EB3-411A-478D-B10E-118B6CE50E31}.Debug|Any CPU.ActiveCfg = Debug|Any CPU
		{D75B2EB3-411A-478D-B10E-118B6CE50E31}.Debug|Any CPU.Build.0 = Debug|Any CPU
		{D75B2EB3-411A-478D-B10E-118B6CE50E31}.Release|Any CPU.ActiveCfg = Release|Any CPU
		{D75B2EB3-411A-478D-B10E-118B6CE50E31}.Release|Any CPU.Build.0 = Release|Any CPU
	EndGlobalSection
	GlobalSection(SolutionProperties) = preSolution
		HideSolutionNode = FALSE
	EndGlobalSection
	GlobalSection(ExtensibilityGlobals) = postSolution
		SolutionGuid = {C9AFB649-496A-47A0-9543-28979C68866D}
	EndGlobalSection
EndGlobal
