
Microsoft Visual Studio Solution File, Format Version 12.00
# Visual Studio Version 16
VisualStudioVersion = 16.0.30804.86
MinimumVisualStudioVersion = 15.0.26124.0
Project("{FAE04EC0-301F-11D3-BF4B-00C04F79EFBC}") = "Matematica.Web", "Matematica.Web\Matematica.Web.csproj", "{123D426B-C3CA-48C6-95DB-D35CD650273B}"
EndProject
Global
	GlobalSection(SolutionConfigurationPlatforms) = preSolution
		Debug|Any CPU = Debug|Any CPU
		Debug|x64 = Debug|x64
		Debug|x86 = Debug|x86
		Release|Any CPU = Release|Any CPU
		Release|x64 = Release|x64
		Release|x86 = Release|x86
	EndGlobalSection
	GlobalSection(ProjectConfigurationPlatforms) = postSolution
		{123D426B-C3CA-48C6-95DB-D35CD650273B}.Debug|Any CPU.ActiveCfg = Debug|Any CPU
		{123D426B-C3CA-48C6-95DB-D35CD650273B}.Debug|Any CPU.Build.0 = Debug|Any CPU
		{123D426B-C3CA-48C6-95DB-D35CD650273B}.Debug|x64.ActiveCfg = Debug|Any CPU
		{123D426B-C3CA-48C6-95DB-D35CD650273B}.Debug|x64.Build.0 = Debug|Any CPU
		{123D426B-C3CA-48C6-95DB-D35CD650273B}.Debug|x86.ActiveCfg = Debug|Any CPU
		{123D426B-C3CA-48C6-95DB-D35CD650273B}.Debug|x86.Build.0 = Debug|Any CPU
		{123D426B-C3CA-48C6-95DB-D35CD650273B}.Release|Any CPU.ActiveCfg = Release|Any CPU
		{123D426B-C3CA-48C6-95DB-D35CD650273B}.Release|Any CPU.Build.0 = Release|Any CPU
		{123D426B-C3CA-48C6-95DB-D35CD650273B}.Release|x64.ActiveCfg = Release|Any CPU
		{123D426B-C3CA-48C6-95DB-D35CD650273B}.Release|x64.Build.0 = Release|Any CPU
		{123D426B-C3CA-48C6-95DB-D35CD650273B}.Release|x86.ActiveCfg = Release|Any CPU
		{123D426B-C3CA-48C6-95DB-D35CD650273B}.Release|x86.Build.0 = Release|Any CPU
	EndGlobalSection
	GlobalSection(SolutionProperties) = preSolution
		HideSolutionNode = FALSE
	EndGlobalSection
	GlobalSection(ExtensibilityGlobals) = postSolution
		SolutionGuid = {B1C046E6-DCA1-4E19-9ECE-4A48AC92440E}
	EndGlobalSection
EndGlobal
